
Microsoft Visual Studio Solution File, Format Version 12.00
# Visual Studio Version 17
VisualStudioVersion = 17.4.33213.308
MinimumVisualStudioVersion = 10.0.40219.1
Project("{FAE04EC0-301F-11D3-BF4B-00C04F79EFBC}") = "Filme", "Filme.csproj", "{22BD7DBF-10EA-4729-B7C1-DE5F8FF73F4F}"
EndProject
Global
	GlobalSection(SolutionConfigurationPlatforms) = preSolution
		Debug|Any CPU = Debug|Any CPU
		Release|Any CPU = Release|Any CPU
	EndGlobalSection
	GlobalSection(ProjectConfigurationPlatforms) = postSolution
		{22BD7DBF-10EA-4729-B7C1-DE5F8FF73F4F}.Debug|Any CPU.ActiveCfg = Debug|Any CPU
		{22BD7DBF-10EA-4729-B7C1-DE5F8FF73F4F}.Debug|Any CPU.Build.0 = Debug|Any CPU
		{22BD7DBF-10EA-4729-B7C1-DE5F8FF73F4F}.Release|Any CPU.ActiveCfg = Release|Any CPU
		{22BD7DBF-10EA-4729-B7C1-DE5F8FF73F4F}.Release|Any CPU.Build.0 = Release|Any CPU
	EndGlobalSection
	GlobalSection(SolutionProperties) = preSolution
		HideSolutionNode = FALSE
	EndGlobalSection
	GlobalSection(ExtensibilityGlobals) = postSolution
		SolutionGuid = {82296ECE-39D0-4413-93AE-24DE649F04AC}
	EndGlobalSection
EndGlobal
